{
  "name": "@doncrislip/v-lac",
  "version": "0.0.1",
  "lockfileVersion": 1,
  "requires": true,
  "dependencies": {
    "@doncrislip/simpleutils": {
      "version": "1.0.7",
      "resolved": "https://registry.npmjs.org/@doncrislip/simpleutils/-/simpleutils-1.0.7.tgz",
      "integrity": "sha512-94AdcZ4QuGteySDpxedD5PkRMlMP8XXRe/xhzudaO2Di8Msa/HWwLIXfsKV+CBcZuqKkUj9oLAAXhEbWiINH/g=="
    }
  }
}
